
Microsoft Visual Studio Solution File, Format Version 12.00
# Visual Studio Version 16
VisualStudioVersion = 16.0.31005.135
MinimumVisualStudioVersion = 10.0.40219.1
Project("{FAE04EC0-301F-11D3-BF4B-00C04F79EFBC}") = "WordsDictionary.Android", "WordsDictionary.Android\WordsDictionary.Android.csproj", "{3B1C5333-19DA-417D-B33C-DE3D53D0F0FA}"
EndProject
Project("{FAE04EC0-301F-11D3-BF4B-00C04F79EFBC}") = "WordsDictionary.iOS", "WordsDictionary.iOS\WordsDictionary.iOS.csproj", "{019DF6E1-6C62-41DC-A0A8-45C163263F40}"
EndProject
Project("{FAE04EC0-301F-11D3-BF4B-00C04F79EFBC}") = "WordsDictionary", "WordsDictionary\WordsDictionary.csproj", "{82FE8830-58F2-4D7F-A46D-1C867A3E397F}"
EndProject
Global
	GlobalSection(SolutionConfigurationPlatforms) = preSolution
		Debug|Any CPU = Debug|Any CPU
		Debug|iPhone = Debug|iPhone
		Debug|iPhoneSimulator = Debug|iPhoneSimulator
		Release|Any CPU = Release|Any CPU
		Release|iPhone = Release|iPhone
		Release|iPhoneSimulator = Release|iPhoneSimulator
	EndGlobalSection
	GlobalSection(ProjectConfigurationPlatforms) = postSolution
		{3B1C5333-19DA-417D-B33C-DE3D53D0F0FA}.Debug|Any CPU.ActiveCfg = Debug|Any CPU
		{3B1C5333-19DA-417D-B33C-DE3D53D0F0FA}.Debug|Any CPU.Build.0 = Debug|Any CPU
		{3B1C5333-19DA-417D-B33C-DE3D53D0F0FA}.Debug|Any CPU.Deploy.0 = Debug|Any CPU
		{3B1C5333-19DA-417D-B33C-DE3D53D0F0FA}.Debug|iPhone.ActiveCfg = Debug|Any CPU
		{3B1C5333-19DA-417D-B33C-DE3D53D0F0FA}.Debug|iPhone.Build.0 = Debug|Any CPU
		{3B1C5333-19DA-417D-B33C-DE3D53D0F0FA}.Debug|iPhone.Deploy.0 = Debug|Any CPU
		{3B1C5333-19DA-417D-B33C-DE3D53D0F0FA}.Debug|iPhoneSimulator.ActiveCfg = Debug|Any CPU
		{3B1C5333-19DA-417D-B33C-DE3D53D0F0FA}.Debug|iPhoneSimulator.Build.0 = Debug|Any CPU
		{3B1C5333-19DA-417D-B33C-DE3D53D0F0FA}.Debug|iPhoneSimulator.Deploy.0 = Debug|Any CPU
		{3B1C5333-19DA-417D-B33C-DE3D53D0F0FA}.Release|Any CPU.ActiveCfg = Release|Any CPU
		{3B1C5333-19DA-417D-B33C-DE3D53D0F0FA}.Release|Any CPU.Build.0 = Release|Any CPU
		{3B1C5333-19DA-417D-B33C-DE3D53D0F0FA}.Release|Any CPU.Deploy.0 = Release|Any CPU
		{3B1C5333-19DA-417D-B33C-DE3D53D0F0FA}.Release|iPhone.ActiveCfg = Release|Any CPU
		{3B1C5333-19DA-417D-B33C-DE3D53D0F0FA}.Release|iPhone.Build.0 = Release|Any CPU
		{3B1C5333-19DA-417D-B33C-DE3D53D0F0FA}.Release|iPhone.Deploy.0 = Release|Any CPU
		{3B1C5333-19DA-417D-B33C-DE3D53D0F0FA}.Release|iPhoneSimulator.ActiveCfg = Release|Any CPU
		{3B1C5333-19DA-417D-B33C-DE3D53D0F0FA}.Release|iPhoneSimulator.Build.0 = Release|Any CPU
		{3B1C5333-19DA-417D-B33C-DE3D53D0F0FA}.Release|iPhoneSimulator.Deploy.0 = Release|Any CPU
		{019DF6E1-6C62-41DC-A0A8-45C163263F40}.Debug|Any CPU.ActiveCfg = Debug|iPhone
		{019DF6E1-6C62-41DC-A0A8-45C163263F40}.Debug|Any CPU.Build.0 = Debug|iPhone
		{019DF6E1-6C62-41DC-A0A8-45C163263F40}.Debug|Any CPU.Deploy.0 = Debug|iPhone
		{019DF6E1-6C62-41DC-A0A8-45C163263F40}.Debug|iPhone.ActiveCfg = Debug|iPhone
		{019DF6E1-6C62-41DC-A0A8-45C163263F40}.Debug|iPhone.Build.0 = Debug|iPhone
		{019DF6E1-6C62-41DC-A0A8-45C163263F40}.Debug|iPhone.Deploy.0 = Debug|iPhone
		{019DF6E1-6C62-41DC-A0A8-45C163263F40}.Debug|iPhoneSimulator.ActiveCfg = Debug|iPhoneSimulator
		{019DF6E1-6C62-41DC-A0A8-45C163263F40}.Debug|iPhoneSimulator.Build.0 = Debug|iPhoneSimulator
		{019DF6E1-6C62-41DC-A0A8-45C163263F40}.Debug|iPhoneSimulator.Deploy.0 = Debug|iPhoneSimulator
		{019DF6E1-6C62-41DC-A0A8-45C163263F40}.Release|Any CPU.ActiveCfg = Release|iPhoneSimulator
		{019DF6E1-6C62-41DC-A0A8-45C163263F40}.Release|Any CPU.Build.0 = Release|iPhoneSimulator
		{019DF6E1-6C62-41DC-A0A8-45C163263F40}.Release|Any CPU.Deploy.0 = Release|iPhoneSimulator
		{019DF6E1-6C62-41DC-A0A8-45C163263F40}.Release|iPhone.ActiveCfg = Release|iPhone
		{019DF6E1-6C62-41DC-A0A8-45C163263F40}.Release|iPhone.Build.0 = Release|iPhone
		{019DF6E1-6C62-41DC-A0A8-45C163263F40}.Release|iPhone.Deploy.0 = Release|iPhone
		{019DF6E1-6C62-41DC-A0A8-45C163263F40}.Release|iPhoneSimulator.ActiveCfg = Release|iPhoneSimulator
		{019DF6E1-6C62-41DC-A0A8-45C163263F40}.Release|iPhoneSimulator.Build.0 = Release|iPhoneSimulator
		{019DF6E1-6C62-41DC-A0A8-45C163263F40}.Release|iPhoneSimulator.Deploy.0 = Release|iPhoneSimulator
		{82FE8830-58F2-4D7F-A46D-1C867A3E397F}.Debug|Any CPU.ActiveCfg = Debug|Any CPU
		{82FE8830-58F2-4D7F-A46D-1C867A3E397F}.Debug|Any CPU.Build.0 = Debug|Any CPU
		{82FE8830-58F2-4D7F-A46D-1C867A3E397F}.Debug|Any CPU.Deploy.0 = Debug|Any CPU
		{82FE8830-58F2-4D7F-A46D-1C867A3E397F}.Debug|iPhone.ActiveCfg = Debug|Any CPU
		{82FE8830-58F2-4D7F-A46D-1C867A3E397F}.Debug|iPhone.Build.0 = Debug|Any CPU
		{82FE8830-58F2-4D7F-A46D-1C867A3E397F}.Debug|iPhone.Deploy.0 = Debug|Any CPU
		{82FE8830-58F2-4D7F-A46D-1C867A3E397F}.Debug|iPhoneSimulator.ActiveCfg = Debug|Any CPU
		{82FE8830-58F2-4D7F-A46D-1C867A3E397F}.Debug|iPhoneSimulator.Build.0 = Debug|Any CPU
		{82FE8830-58F2-4D7F-A46D-1C867A3E397F}.Debug|iPhoneSimulator.Deploy.0 = Debug|Any CPU
		{82FE8830-58F2-4D7F-A46D-1C867A3E397F}.Release|Any CPU.ActiveCfg = Release|Any CPU
		{82FE8830-58F2-4D7F-A46D-1C867A3E397F}.Release|Any CPU.Build.0 = Release|Any CPU
		{82FE8830-58F2-4D7F-A46D-1C867A3E397F}.Release|Any CPU.Deploy.0 = Release|Any CPU
		{82FE8830-58F2-4D7F-A46D-1C867A3E397F}.Release|iPhone.ActiveCfg = Release|Any CPU
		{82FE8830-58F2-4D7F-A46D-1C867A3E397F}.Release|iPhone.Build.0 = Release|Any CPU
		{82FE8830-58F2-4D7F-A46D-1C867A3E397F}.Release|iPhone.Deploy.0 = Release|Any CPU
		{82FE8830-58F2-4D7F-A46D-1C867A3E397F}.Release|iPhoneSimulator.ActiveCfg = Release|Any CPU
		{82FE8830-58F2-4D7F-A46D-1C867A3E397F}.Release|iPhoneSimulator.Build.0 = Release|Any CPU
		{82FE8830-58F2-4D7F-A46D-1C867A3E397F}.Release|iPhoneSimulator.Deploy.0 = Release|Any CPU
	EndGlobalSection
	GlobalSection(SolutionProperties) = preSolution
		HideSolutionNode = FALSE
	EndGlobalSection
	GlobalSection(ExtensibilityGlobals) = postSolution
		SolutionGuid = {B2EAEB3B-FA42-4E78-B649-3CDAC1CBF029}
	EndGlobalSection
EndGlobal
